// !$*UTF8*$!
{
	archiveVersion = 1;
	classes = {
	};
	objectVersion = 46;
	objects = {

/* Begin PBXBuildFile section */
		42312CC414C12CCB00C616F3 /* Cocoa.framework in Frameworks */ = {isa = PBXBuildFile; fileRef = 42312CC314C12CCB00C616F3 /* Cocoa.framework */; };
		42312CCE14C12CCB00C616F3 /* InfoPlist.strings in Resources */ = {isa = PBXBuildFile; fileRef = 42312CCC14C12CCB00C616F3 /* InfoPlist.strings */; };
		42312CD414C12CCB00C616F3 /* Credits.rtf in Resources */ = {isa = PBXBuildFile; fileRef = 42312CD214C12CCB00C616F3 /* Credits.rtf */; };
		42312CDA14C12CCB00C616F3 /* MainMenu.xib in Resources */ = {isa = PBXBuildFile; fileRef = 42312CD814C12CCB00C616F3 /* MainMenu.xib */; };
		42312CDF14C12D4900C616F3 /* libOpenNI.dylib in Frameworks */ = {isa = PBXBuildFile; fileRef = 42312CDE14C12D4900C616F3 /* libOpenNI.dylib */; };
		42312CEE14C12FFB00C616F3 /* KinectConfig.xml in Resources */ = {isa = PBXBuildFile; fileRef = 42312CED14C12FFB00C616F3 /* KinectConfig.xml */; };
		42312CF114C130C600C616F3 /* SceneDrawer.mm in Sources */ = {isa = PBXBuildFile; fileRef = 42312CEF14C130C600C616F3 /* SceneDrawer.mm */; };
		42312CF314C131D400C616F3 /* GLUT.framework in Frameworks */ = {isa = PBXBuildFile; fileRef = 42312CF214C131D400C616F3 /* GLUT.framework */; };
		42312CF514C131FC00C616F3 /* OpenGL.framework in Frameworks */ = {isa = PBXBuildFile; fileRef = 42312CF414C131FC00C616F3 /* OpenGL.framework */; };
		42312CF614C1390E00C616F3 /* JBAppDelegate.mm in Sources */ = {isa = PBXBuildFile; fileRef = 42312CD614C12CCB00C616F3 /* JBAppDelegate.mm */; };
		42312CF714C1399300C616F3 /* main.m in Sources */ = {isa = PBXBuildFile; fileRef = 42312CCF14C12CCB00C616F3 /* main.m */; };
		42366DDB14ECC58C006F6DFA /* OpenGLSprite.m in Sources */ = {isa = PBXBuildFile; fileRef = 42366DD814ECC58C006F6DFA /* OpenGLSprite.m */; };
		42366DDC14ECC58C006F6DFA /* OpenGLVideo.m in Sources */ = {isa = PBXBuildFile; fileRef = 42366DDA14ECC58C006F6DFA /* OpenGLVideo.m */; };
		42366DE014ECC858006F6DFA /* GLViewController.mm in Sources */ = {isa = PBXBuildFile; fileRef = 42366DDF14ECC858006F6DFA /* GLViewController.mm */; };
		42366DE214ECD8F4006F6DFA /* background.png in Resources */ = {isa = PBXBuildFile; fileRef = 42366DE114ECD8F4006F6DFA /* background.png */; };
		427B8DEB14C1578100EDAD05 /* DepthView.mm in Sources */ = {isa = PBXBuildFile; fileRef = 427B8DEA14C1578100EDAD05 /* DepthView.mm */; };
		4299AD5814E4D6B5000F148B /* JBTiltGestureRecognizer.mm in Sources */ = {isa = PBXBuildFile; fileRef = 4299AD5714E4D6B5000F148B /* JBTiltGestureRecognizer.mm */; };
		4299AD5B14E4D97A000F148B /* Skeleton.mm in Sources */ = {isa = PBXBuildFile; fileRef = 4299AD5A14E4D979000F148B /* Skeleton.mm */; };
		42AF466814E7AC23002B8DC9 /* libpc_ardrone.a in Frameworks */ = {isa = PBXBuildFile; fileRef = 42AF466514E7AC23002B8DC9 /* libpc_ardrone.a */; };
		42AF466914E7AC23002B8DC9 /* libsdk.a in Frameworks */ = {isa = PBXBuildFile; fileRef = 42AF466614E7AC23002B8DC9 /* libsdk.a */; };
		42AF466A14E7AC23002B8DC9 /* libvlib.a in Frameworks */ = {isa = PBXBuildFile; fileRef = 42AF466714E7AC23002B8DC9 /* libvlib.a */; };
		42AF46A514EA1CF2002B8DC9 /* ARDrone.m in Sources */ = {isa = PBXBuildFile; fileRef = 42AF469614EA1CF0002B8DC9 /* ARDrone.m */; };
		42AF46A614EA1CF2002B8DC9 /* ARDroneFTP.m in Sources */ = {isa = PBXBuildFile; fileRef = 42AF469814EA1CF0002B8DC9 /* ARDroneFTP.m */; };
		42AF46A714EA1CF2002B8DC9 /* mobile_main.c in Sources */ = {isa = PBXBuildFile; fileRef = 42AF469F14EA1CF1002B8DC9 /* mobile_main.c */; };
		42AF46A814EA1CF2002B8DC9 /* navdata.c in Sources */ = {isa = PBXBuildFile; fileRef = 42AF46A114EA1CF1002B8DC9 /* navdata.c */; };
		42AF46A914EA1CF2002B8DC9 /* wifi.c in Sources */ = {isa = PBXBuildFile; fileRef = 42AF46A314EA1CF1002B8DC9 /* wifi.c */; };
		42AF46AA14EA2B3D002B8DC9 /* ControlData.c in Sources */ = {isa = PBXBuildFile; fileRef = 42AF468E14EA1A0A002B8DC9 /* ControlData.c */; };
		42BB47A314C13D5F0052AC36 /* CocoaOpenNI.mm in Sources */ = {isa = PBXBuildFile; fileRef = 42BB47A114C13B610052AC36 /* CocoaOpenNI.mm */; };
		42BB47AE14C14F600052AC36 /* QuartzCore.framework in Frameworks */ = {isa = PBXBuildFile; fileRef = 42BB47AD14C14F600052AC36 /* QuartzCore.framework */; };
		42F46DD514E7515700E5088A /* XnVector3DUtils.mm in Sources */ = {isa = PBXBuildFile; fileRef = 4299AD5C14E4DC64000F148B /* XnVector3DUtils.mm */; };
		42FBA3A714E22123009D13CC /* VerticalGuageView.m in Sources */ = {isa = PBXBuildFile; fileRef = 42FBA3A614E22123009D13CC /* VerticalGuageView.m */; };
		42FEEEEF14C68692000809D7 /* JB3DGestureRecognizer.mm in Sources */ = {isa = PBXBuildFile; fileRef = 42FEEEEE14C68692000809D7 /* JB3DGestureRecognizer.mm */; };
		42FEEEF314C686C9000809D7 /* JBFlapGestureRecognizer.mm in Sources */ = {isa = PBXBuildFile; fileRef = 42FEEEF214C686C9000809D7 /* JBFlapGestureRecognizer.mm */; };
/* End PBXBuildFile section */

/* Begin PBXFileReference section */
		42312CBF14C12CCB00C616F3 /* KinectWings.app */ = {isa = PBXFileReference; explicitFileType = wrapper.application; includeInIndex = 0; path = KinectWings.app; sourceTree = BUILT_PRODUCTS_DIR; };
		42312CC314C12CCB00C616F3 /* Cocoa.framework */ = {isa = PBXFileReference; lastKnownFileType = wrapper.framework; name = Cocoa.framework; path = System/Library/Frameworks/Cocoa.framework; sourceTree = SDKROOT; };
		42312CC614C12CCB00C616F3 /* AppKit.framework */ = {isa = PBXFileReference; lastKnownFileType = wrapper.framework; name = AppKit.framework; path = System/Library/Frameworks/AppKit.framework; sourceTree = SDKROOT; };
		42312CC714C12CCB00C616F3 /* CoreData.framework */ = {isa = PBXFileReference; lastKnownFileType = wrapper.framework; name = CoreData.framework; path = System/Library/Frameworks/CoreData.framework; sourceTree = SDKROOT; };
		42312CC814C12CCB00C616F3 /* Foundation.framework */ = {isa = PBXFileReference; lastKnownFileType = wrapper.framework; name = Foundation.framework; path = System/Library/Frameworks/Foundation.framework; sourceTree = SDKROOT; };
		42312CCB14C12CCB00C616F3 /* KinectWings-Info.plist */ = {isa = PBXFileReference; lastKnownFileType = text.plist.xml; path = "KinectWings-Info.plist"; sourceTree = "<group>"; };
		42312CCD14C12CCB00C616F3 /* en */ = {isa = PBXFileReference; lastKnownFileType = text.plist.strings; name = en; path = en.lproj/InfoPlist.strings; sourceTree = "<group>"; };
		42312CCF14C12CCB00C616F3 /* main.m */ = {isa = PBXFileReference; lastKnownFileType = sourcecode.c.objc; path = main.m; sourceTree = "<group>"; };
		42312CD114C12CCB00C616F3 /* KinectWings-Prefix.pch */ = {isa = PBXFileReference; lastKnownFileType = sourcecode.c.h; path = "KinectWings-Prefix.pch"; sourceTree = "<group>"; };
		42312CD314C12CCB00C616F3 /* en */ = {isa = PBXFileReference; lastKnownFileType = text.rtf; name = en; path = en.lproj/Credits.rtf; sourceTree = "<group>"; };
		42312CD514C12CCB00C616F3 /* JBAppDelegate.h */ = {isa = PBXFileReference; lastKnownFileType = sourcecode.c.h; path = JBAppDelegate.h; sourceTree = "<group>"; };
		42312CD614C12CCB00C616F3 /* JBAppDelegate.mm */ = {isa = PBXFileReference; lastKnownFileType = sourcecode.cpp.objcpp; path = JBAppDelegate.mm; sourceTree = "<group>"; };
		42312CD914C12CCB00C616F3 /* en */ = {isa = PBXFileReference; lastKnownFileType = file.xib; name = en; path = en.lproj/MainMenu.xib; sourceTree = "<group>"; };
		42312CDE14C12D4900C616F3 /* libOpenNI.dylib */ = {isa = PBXFileReference; lastKnownFileType = "compiled.mach-o.dylib"; name = libOpenNI.dylib; path = SDKs/MacOSX10.7.sdk/usr/lib/libOpenNI.dylib; sourceTree = DEVELOPER_DIR; };
		42312CED14C12FFB00C616F3 /* KinectConfig.xml */ = {isa = PBXFileReference; fileEncoding = 4; lastKnownFileType = text.xml; path = KinectConfig.xml; sourceTree = "<group>"; };
		42312CEF14C130C600C616F3 /* SceneDrawer.mm */ = {isa = PBXFileReference; fileEncoding = 4; lastKnownFileType = sourcecode.cpp.objcpp; path = SceneDrawer.mm; sourceTree = "<group>"; };
		42312CF014C130C600C616F3 /* SceneDrawer.h */ = {isa = PBXFileReference; fileEncoding = 4; lastKnownFileType = sourcecode.c.h; path = SceneDrawer.h; sourceTree = "<group>"; };
		42312CF214C131D400C616F3 /* GLUT.framework */ = {isa = PBXFileReference; lastKnownFileType = wrapper.framework; name = GLUT.framework; path = SDKs/MacOSX10.7.sdk/System/Library/Frameworks/GLUT.framework; sourceTree = DEVELOPER_DIR; };
		42312CF414C131FC00C616F3 /* OpenGL.framework */ = {isa = PBXFileReference; lastKnownFileType = wrapper.framework; name = OpenGL.framework; path = SDKs/MacOSX10.7.sdk/System/Library/Frameworks/OpenGL.framework; sourceTree = DEVELOPER_DIR; };
		42366DD714ECC58C006F6DFA /* OpenGLSprite.h */ = {isa = PBXFileReference; fileEncoding = 4; lastKnownFileType = sourcecode.c.h; path = OpenGLSprite.h; sourceTree = "<group>"; };
		42366DD814ECC58C006F6DFA /* OpenGLSprite.m */ = {isa = PBXFileReference; fileEncoding = 4; lastKnownFileType = sourcecode.c.objc; path = OpenGLSprite.m; sourceTree = "<group>"; };
		42366DD914ECC58C006F6DFA /* OpenGLVideo.h */ = {isa = PBXFileReference; fileEncoding = 4; lastKnownFileType = sourcecode.c.h; path = OpenGLVideo.h; sourceTree = "<group>"; };
		42366DDA14ECC58C006F6DFA /* OpenGLVideo.m */ = {isa = PBXFileReference; fileEncoding = 4; lastKnownFileType = sourcecode.c.objc; path = OpenGLVideo.m; sourceTree = "<group>"; };
		42366DDE14ECC858006F6DFA /* GLViewController.h */ = {isa = PBXFileReference; fileEncoding = 4; lastKnownFileType = sourcecode.c.h; path = GLViewController.h; sourceTree = "<group>"; };
		42366DDF14ECC858006F6DFA /* GLViewController.mm */ = {isa = PBXFileReference; fileEncoding = 4; lastKnownFileType = sourcecode.cpp.objcpp; path = GLViewController.mm; sourceTree = "<group>"; };
		42366DE114ECD8F4006F6DFA /* background.png */ = {isa = PBXFileReference; lastKnownFileType = image.png; path = background.png; sourceTree = "<group>"; };
		427B8DE914C1578100EDAD05 /* DepthView.h */ = {isa = PBXFileReference; fileEncoding = 4; lastKnownFileType = sourcecode.c.h; path = DepthView.h; sourceTree = "<group>"; };
		427B8DEA14C1578100EDAD05 /* DepthView.mm */ = {isa = PBXFileReference; fileEncoding = 4; lastKnownFileType = sourcecode.cpp.objcpp; path = DepthView.mm; sourceTree = "<group>"; };
		4299AD5614E4D6B5000F148B /* JBTiltGestureRecognizer.h */ = {isa = PBXFileReference; fileEncoding = 4; lastKnownFileType = sourcecode.c.h; path = JBTiltGestureRecognizer.h; sourceTree = "<group>"; };
		4299AD5714E4D6B5000F148B /* JBTiltGestureRecognizer.mm */ = {isa = PBXFileReference; fileEncoding = 4; lastKnownFileType = sourcecode.cpp.objcpp; path = JBTiltGestureRecognizer.mm; sourceTree = "<group>"; };
		4299AD5914E4D979000F148B /* Skeleton.h */ = {isa = PBXFileReference; fileEncoding = 4; lastKnownFileType = sourcecode.c.h; path = Skeleton.h; sourceTree = "<group>"; };
		4299AD5A14E4D979000F148B /* Skeleton.mm */ = {isa = PBXFileReference; fileEncoding = 4; lastKnownFileType = sourcecode.cpp.objcpp; path = Skeleton.mm; sourceTree = "<group>"; };
		4299AD5C14E4DC64000F148B /* XnVector3DUtils.mm */ = {isa = PBXFileReference; fileEncoding = 4; lastKnownFileType = sourcecode.cpp.objcpp; path = XnVector3DUtils.mm; sourceTree = "<group>"; };
		4299AD5E14E4DC78000F148B /* XnVector3DUtils.h */ = {isa = PBXFileReference; fileEncoding = 4; lastKnownFileType = sourcecode.c.h; path = XnVector3DUtils.h; sourceTree = "<group>"; };
		42AF466514E7AC23002B8DC9 /* libpc_ardrone.a */ = {isa = PBXFileReference; lastKnownFileType = archive.ar; name = libpc_ardrone.a; path = Libraries/libpc_ardrone.a; sourceTree = "<group>"; };
		42AF466614E7AC23002B8DC9 /* libsdk.a */ = {isa = PBXFileReference; lastKnownFileType = archive.ar; name = libsdk.a; path = Libraries/libsdk.a; sourceTree = "<group>"; };
		42AF466714E7AC23002B8DC9 /* libvlib.a */ = {isa = PBXFileReference; lastKnownFileType = archive.ar; name = libvlib.a; path = Libraries/libvlib.a; sourceTree = "<group>"; };
		42AF468E14EA1A0A002B8DC9 /* ControlData.c */ = {isa = PBXFileReference; fileEncoding = 4; lastKnownFileType = sourcecode.c.c; path = ControlData.c; sourceTree = "<group>"; };
		42AF468F14EA1A0A002B8DC9 /* ControlData.h */ = {isa = PBXFileReference; fileEncoding = 4; lastKnownFileType = sourcecode.c.h; path = ControlData.h; sourceTree = "<group>"; };
		42AF469514EA1CF0002B8DC9 /* ARDrone.h */ = {isa = PBXFileReference; fileEncoding = 4; lastKnownFileType = sourcecode.c.h; path = ARDrone.h; sourceTree = "<group>"; };
		42AF469614EA1CF0002B8DC9 /* ARDrone.m */ = {isa = PBXFileReference; fileEncoding = 4; lastKnownFileType = sourcecode.c.objc; path = ARDrone.m; sourceTree = "<group>"; };
		42AF469714EA1CF0002B8DC9 /* ARDroneFTP.h */ = {isa = PBXFileReference; fileEncoding = 4; lastKnownFileType = sourcecode.c.h; path = ARDroneFTP.h; sourceTree = "<group>"; };
		42AF469814EA1CF0002B8DC9 /* ARDroneFTP.m */ = {isa = PBXFileReference; fileEncoding = 4; lastKnownFileType = sourcecode.c.objc; path = ARDroneFTP.m; sourceTree = "<group>"; };
		42AF469914EA1CF0002B8DC9 /* ARDroneGeneratedCommandIn.h */ = {isa = PBXFileReference; fileEncoding = 4; lastKnownFileType = sourcecode.c.h; path = ARDroneGeneratedCommandIn.h; sourceTree = "<group>"; };
		42AF469A14EA1CF0002B8DC9 /* ARDroneGeneratedTypes.h */ = {isa = PBXFileReference; fileEncoding = 4; lastKnownFileType = sourcecode.c.h; path = ARDroneGeneratedTypes.h; sourceTree = "<group>"; };
		42AF469B14EA1CF0002B8DC9 /* ARDroneProtocols.h */ = {isa = PBXFileReference; fileEncoding = 4; lastKnownFileType = sourcecode.c.h; path = ARDroneProtocols.h; sourceTree = "<group>"; };
		42AF469C14EA1CF0002B8DC9 /* ARDroneTypes.h */ = {isa = PBXFileReference; fileEncoding = 4; lastKnownFileType = sourcecode.c.h; path = ARDroneTypes.h; sourceTree = "<group>"; };
		42AF469D14EA1CF1002B8DC9 /* ConstantsAndMacros.h */ = {isa = PBXFileReference; fileEncoding = 4; lastKnownFileType = sourcecode.c.h; path = ConstantsAndMacros.h; sourceTree = "<group>"; };
		42AF469E14EA1CF1002B8DC9 /* InternalProtocols.h */ = {isa = PBXFileReference; fileEncoding = 4; lastKnownFileType = sourcecode.c.h; path = InternalProtocols.h; sourceTree = "<group>"; };
		42AF469F14EA1CF1002B8DC9 /* mobile_main.c */ = {isa = PBXFileReference; fileEncoding = 4; lastKnownFileType = sourcecode.c.c; path = mobile_main.c; sourceTree = "<group>"; };
		42AF46A014EA1CF1002B8DC9 /* mobile_main.h */ = {isa = PBXFileReference; fileEncoding = 4; lastKnownFileType = sourcecode.c.h; path = mobile_main.h; sourceTree = "<group>"; };
		42AF46A114EA1CF1002B8DC9 /* navdata.c */ = {isa = PBXFileReference; fileEncoding = 4; lastKnownFileType = sourcecode.c.c; path = navdata.c; sourceTree = "<group>"; };
		42AF46A214EA1CF1002B8DC9 /* navdata.h */ = {isa = PBXFileReference; fileEncoding = 4; lastKnownFileType = sourcecode.c.h; path = navdata.h; sourceTree = "<group>"; };
		42AF46A314EA1CF1002B8DC9 /* wifi.c */ = {isa = PBXFileReference; fileEncoding = 4; lastKnownFileType = sourcecode.c.c; path = wifi.c; sourceTree = "<group>"; };
		42AF46A414EA1CF1002B8DC9 /* wifi.h */ = {isa = PBXFileReference; fileEncoding = 4; lastKnownFileType = sourcecode.c.h; path = wifi.h; sourceTree = "<group>"; };
		42BB47A014C13B610052AC36 /* CocoaOpenNI.h */ = {isa = PBXFileReference; fileEncoding = 4; lastKnownFileType = sourcecode.c.h; path = CocoaOpenNI.h; sourceTree = "<group>"; };
		42BB47A114C13B610052AC36 /* CocoaOpenNI.mm */ = {isa = PBXFileReference; fileEncoding = 4; lastKnownFileType = sourcecode.cpp.objcpp; path = CocoaOpenNI.mm; sourceTree = "<group>"; };
		42BB47AD14C14F600052AC36 /* QuartzCore.framework */ = {isa = PBXFileReference; lastKnownFileType = wrapper.framework; name = QuartzCore.framework; path = SDKs/MacOSX10.7.sdk/System/Library/Frameworks/QuartzCore.framework; sourceTree = DEVELOPER_DIR; };
		42FBA3A514E22123009D13CC /* VerticalGuageView.h */ = {isa = PBXFileReference; fileEncoding = 4; lastKnownFileType = sourcecode.c.h; path = VerticalGuageView.h; sourceTree = "<group>"; };
		42FBA3A614E22123009D13CC /* VerticalGuageView.m */ = {isa = PBXFileReference; fileEncoding = 4; lastKnownFileType = sourcecode.c.objc; path = VerticalGuageView.m; sourceTree = "<group>"; };
		42FEEEED14C68692000809D7 /* JB3DGestureRecognizer.h */ = {isa = PBXFileReference; fileEncoding = 4; lastKnownFileType = sourcecode.c.h; path = JB3DGestureRecognizer.h; sourceTree = "<group>"; };
		42FEEEEE14C68692000809D7 /* JB3DGestureRecognizer.mm */ = {isa = PBXFileReference; fileEncoding = 4; lastKnownFileType = sourcecode.cpp.objcpp; path = JB3DGestureRecognizer.mm; sourceTree = "<group>"; };
		42FEEEF114C686C9000809D7 /* JBFlapGestureRecognizer.h */ = {isa = PBXFileReference; fileEncoding = 4; lastKnownFileType = sourcecode.c.h; path = JBFlapGestureRecognizer.h; sourceTree = "<group>"; };
		42FEEEF214C686C9000809D7 /* JBFlapGestureRecognizer.mm */ = {isa = PBXFileReference; fileEncoding = 4; lastKnownFileType = sourcecode.cpp.objcpp; path = JBFlapGestureRecognizer.mm; sourceTree = "<group>"; };
/* End PBXFileReference section */

/* Begin PBXFrameworksBuildPhase section */
		42312CBC14C12CCB00C616F3 /* Frameworks */ = {
			isa = PBXFrameworksBuildPhase;
			buildActionMask = 2147483647;
			files = (
				42BB47AE14C14F600052AC36 /* QuartzCore.framework in Frameworks */,
				42312CF514C131FC00C616F3 /* OpenGL.framework in Frameworks */,
				42312CF314C131D400C616F3 /* GLUT.framework in Frameworks */,
				42312CDF14C12D4900C616F3 /* libOpenNI.dylib in Frameworks */,
				42312CC414C12CCB00C616F3 /* Cocoa.framework in Frameworks */,
				42AF466814E7AC23002B8DC9 /* libpc_ardrone.a in Frameworks */,
				42AF466914E7AC23002B8DC9 /* libsdk.a in Frameworks */,
				42AF466A14E7AC23002B8DC9 /* libvlib.a in Frameworks */,
			);
			runOnlyForDeploymentPostprocessing = 0;
		};
/* End PBXFrameworksBuildPhase section */

/* Begin PBXGroup section */
		42312CB214C12C8000C616F3 = {
			isa = PBXGroup;
			children = (
				42312CC914C12CCB00C616F3 /* KinectWings */,
				42312CC214C12CCB00C616F3 /* Frameworks */,
				42312CC014C12CCB00C616F3 /* Products */,
				42312CEC14C12FFB00C616F3 /* Resources */,
			);
			sourceTree = "<group>";
		};
		42312CC014C12CCB00C616F3 /* Products */ = {
			isa = PBXGroup;
			children = (
				42312CBF14C12CCB00C616F3 /* KinectWings.app */,
			);
			name = Products;
			sourceTree = "<group>";
		};
		42312CC214C12CCB00C616F3 /* Frameworks */ = {
			isa = PBXGroup;
			children = (
				42AF466514E7AC23002B8DC9 /* libpc_ardrone.a */,
				42AF466614E7AC23002B8DC9 /* libsdk.a */,
				42AF466714E7AC23002B8DC9 /* libvlib.a */,
				42BB47AD14C14F600052AC36 /* QuartzCore.framework */,
				42312CF414C131FC00C616F3 /* OpenGL.framework */,
				42312CF214C131D400C616F3 /* GLUT.framework */,
				42312CDE14C12D4900C616F3 /* libOpenNI.dylib */,
				42312CC314C12CCB00C616F3 /* Cocoa.framework */,
				42312CC514C12CCB00C616F3 /* Other Frameworks */,
			);
			name = Frameworks;
			sourceTree = "<group>";
		};
		42312CC514C12CCB00C616F3 /* Other Frameworks */ = {
			isa = PBXGroup;
			children = (
				42312CC614C12CCB00C616F3 /* AppKit.framework */,
				42312CC714C12CCB00C616F3 /* CoreData.framework */,
				42312CC814C12CCB00C616F3 /* Foundation.framework */,
			);
			name = "Other Frameworks";
			sourceTree = "<group>";
		};
		42312CC914C12CCB00C616F3 /* KinectWings */ = {
			isa = PBXGroup;
			children = (
				42AF468D14EA1A09002B8DC9 /* ARDrone */,
				427B8DE914C1578100EDAD05 /* DepthView.h */,
				427B8DEA14C1578100EDAD05 /* DepthView.mm */,
				42312CF014C130C600C616F3 /* SceneDrawer.h */,
				42312CEF14C130C600C616F3 /* SceneDrawer.mm */,
				42312CD514C12CCB00C616F3 /* JBAppDelegate.h */,
				42312CD614C12CCB00C616F3 /* JBAppDelegate.mm */,
				42312CD814C12CCB00C616F3 /* MainMenu.xib */,
				42312CCA14C12CCB00C616F3 /* Supporting Files */,
				42BB47A014C13B610052AC36 /* CocoaOpenNI.h */,
				42BB47A114C13B610052AC36 /* CocoaOpenNI.mm */,
				42FEEEED14C68692000809D7 /* JB3DGestureRecognizer.h */,
				42FEEEEE14C68692000809D7 /* JB3DGestureRecognizer.mm */,
				42FEEEF114C686C9000809D7 /* JBFlapGestureRecognizer.h */,
				42FEEEF214C686C9000809D7 /* JBFlapGestureRecognizer.mm */,
				4299AD5614E4D6B5000F148B /* JBTiltGestureRecognizer.h */,
				4299AD5714E4D6B5000F148B /* JBTiltGestureRecognizer.mm */,
				42FBA3A514E22123009D13CC /* VerticalGuageView.h */,
				42FBA3A614E22123009D13CC /* VerticalGuageView.m */,
				4299AD5914E4D979000F148B /* Skeleton.h */,
				4299AD5A14E4D979000F148B /* Skeleton.mm */,
				4299AD5E14E4DC78000F148B /* XnVector3DUtils.h */,
				4299AD5C14E4DC64000F148B /* XnVector3DUtils.mm */,
			);
			path = KinectWings;
			sourceTree = "<group>";
		};
		42312CCA14C12CCB00C616F3 /* Supporting Files */ = {
			isa = PBXGroup;
			children = (
				42312CCB14C12CCB00C616F3 /* KinectWings-Info.plist */,
				42312CCC14C12CCB00C616F3 /* InfoPlist.strings */,
				42312CCF14C12CCB00C616F3 /* main.m */,
				42312CD114C12CCB00C616F3 /* KinectWings-Prefix.pch */,
				42312CD214C12CCB00C616F3 /* Credits.rtf */,
			);
			name = "Supporting Files";
			sourceTree = "<group>";
		};
		42312CEC14C12FFB00C616F3 /* Resources */ = {
			isa = PBXGroup;
			children = (
				42366DE114ECD8F4006F6DFA /* background.png */,
				42312CED14C12FFB00C616F3 /* KinectConfig.xml */,
			);
			path = Resources;
			sourceTree = "<group>";
		};
		42AF468D14EA1A09002B8DC9 /* ARDrone */ = {
			isa = PBXGroup;
			children = (
				42366DDE14ECC858006F6DFA /* GLViewController.h */,
				42366DDF14ECC858006F6DFA /* GLViewController.mm */,
				42366DD714ECC58C006F6DFA /* OpenGLSprite.h */,
				42366DD814ECC58C006F6DFA /* OpenGLSprite.m */,
				42366DD914ECC58C006F6DFA /* OpenGLVideo.h */,
				42366DDA14ECC58C006F6DFA /* OpenGLVideo.m */,
				42AF469514EA1CF0002B8DC9 /* ARDrone.h */,
				42AF469614EA1CF0002B8DC9 /* ARDrone.m */,
				42AF469714EA1CF0002B8DC9 /* ARDroneFTP.h */,
				42AF469814EA1CF0002B8DC9 /* ARDroneFTP.m */,
				42AF469914EA1CF0002B8DC9 /* ARDroneGeneratedCommandIn.h */,
				42AF469A14EA1CF0002B8DC9 /* ARDroneGeneratedTypes.h */,
				42AF469B14EA1CF0002B8DC9 /* ARDroneProtocols.h */,
				42AF469C14EA1CF0002B8DC9 /* ARDroneTypes.h */,
				42AF469D14EA1CF1002B8DC9 /* ConstantsAndMacros.h */,
				42AF469E14EA1CF1002B8DC9 /* InternalProtocols.h */,
				42AF46A014EA1CF1002B8DC9 /* mobile_main.h */,
				42AF469F14EA1CF1002B8DC9 /* mobile_main.c */,
				42AF46A214EA1CF1002B8DC9 /* navdata.h */,
				42AF46A114EA1CF1002B8DC9 /* navdata.c */,
				42AF46A414EA1CF1002B8DC9 /* wifi.h */,
				42AF46A314EA1CF1002B8DC9 /* wifi.c */,
				42AF468F14EA1A0A002B8DC9 /* ControlData.h */,
				42AF468E14EA1A0A002B8DC9 /* ControlData.c */,
			);
			path = ARDrone;
			sourceTree = "<group>";
		};
/* End PBXGroup section */

/* Begin PBXNativeTarget section */
		42312CBE14C12CCB00C616F3 /* KinectWings */ = {
			isa = PBXNativeTarget;
			buildConfigurationList = 42312CDB14C12CCB00C616F3 /* Build configuration list for PBXNativeTarget "KinectWings" */;
			buildPhases = (
				42312CBB14C12CCB00C616F3 /* Sources */,
				42312CBC14C12CCB00C616F3 /* Frameworks */,
				42312CBD14C12CCB00C616F3 /* Resources */,
			);
			buildRules = (
			);
			dependencies = (
			);
			name = KinectWings;
			productName = KinectWings;
			productReference = 42312CBF14C12CCB00C616F3 /* KinectWings.app */;
			productType = "com.apple.product-type.application";
		};
/* End PBXNativeTarget section */

/* Begin PBXProject section */
		42312CB414C12C8000C616F3 /* Project object */ = {
			isa = PBXProject;
			attributes = {
				LastUpgradeCheck = 0420;
			};
			buildConfigurationList = 42312CB714C12C8000C616F3 /* Build configuration list for PBXProject "KinectWings" */;
			compatibilityVersion = "Xcode 3.2";
			developmentRegion = English;
			hasScannedForEncodings = 0;
			knownRegions = (
				en,
			);
			mainGroup = 42312CB214C12C8000C616F3;
			productRefGroup = 42312CC014C12CCB00C616F3 /* Products */;
			projectDirPath = "";
			projectRoot = "";
			targets = (
				42312CBE14C12CCB00C616F3 /* KinectWings */,
			);
		};
/* End PBXProject section */

/* Begin PBXResourcesBuildPhase section */
		42312CBD14C12CCB00C616F3 /* Resources */ = {
			isa = PBXResourcesBuildPhase;
			buildActionMask = 2147483647;
			files = (
				42312CCE14C12CCB00C616F3 /* InfoPlist.strings in Resources */,
				42312CD414C12CCB00C616F3 /* Credits.rtf in Resources */,
				42312CDA14C12CCB00C616F3 /* MainMenu.xib in Resources */,
				42312CEE14C12FFB00C616F3 /* KinectConfig.xml in Resources */,
				42366DE214ECD8F4006F6DFA /* background.png in Resources */,
			);
			runOnlyForDeploymentPostprocessing = 0;
		};
/* End PBXResourcesBuildPhase section */

/* Begin PBXSourcesBuildPhase section */
		42312CBB14C12CCB00C616F3 /* Sources */ = {
			isa = PBXSourcesBuildPhase;
			buildActionMask = 2147483647;
			files = (
				42312CF114C130C600C616F3 /* SceneDrawer.mm in Sources */,
				42312CF614C1390E00C616F3 /* JBAppDelegate.mm in Sources */,
				42312CF714C1399300C616F3 /* main.m in Sources */,
				42BB47A314C13D5F0052AC36 /* CocoaOpenNI.mm in Sources */,
				427B8DEB14C1578100EDAD05 /* DepthView.mm in Sources */,
				42FEEEEF14C68692000809D7 /* JB3DGestureRecognizer.mm in Sources */,
				42FEEEF314C686C9000809D7 /* JBFlapGestureRecognizer.mm in Sources */,
				42FBA3A714E22123009D13CC /* VerticalGuageView.m in Sources */,
				4299AD5814E4D6B5000F148B /* JBTiltGestureRecognizer.mm in Sources */,
				42AF46AA14EA2B3D002B8DC9 /* ControlData.c in Sources */,
				4299AD5B14E4D97A000F148B /* Skeleton.mm in Sources */,
				42F46DD514E7515700E5088A /* XnVector3DUtils.mm in Sources */,
				42AF46A514EA1CF2002B8DC9 /* ARDrone.m in Sources */,
				42AF46A614EA1CF2002B8DC9 /* ARDroneFTP.m in Sources */,
				42AF46A714EA1CF2002B8DC9 /* mobile_main.c in Sources */,
				42AF46A814EA1CF2002B8DC9 /* navdata.c in Sources */,
				42AF46A914EA1CF2002B8DC9 /* wifi.c in Sources */,
				42366DDB14ECC58C006F6DFA /* OpenGLSprite.m in Sources */,
				42366DDC14ECC58C006F6DFA /* OpenGLVideo.m in Sources */,
				42366DE014ECC858006F6DFA /* GLViewController.mm in Sources */,
			);
			runOnlyForDeploymentPostprocessing = 0;
		};
/* End PBXSourcesBuildPhase section */

/* Begin PBXVariantGroup section */
		42312CCC14C12CCB00C616F3 /* InfoPlist.strings */ = {
			isa = PBXVariantGroup;
			children = (
				42312CCD14C12CCB00C616F3 /* en */,
			);
			name = InfoPlist.strings;
			sourceTree = "<group>";
		};
		42312CD214C12CCB00C616F3 /* Credits.rtf */ = {
			isa = PBXVariantGroup;
			children = (
				42312CD314C12CCB00C616F3 /* en */,
			);
			name = Credits.rtf;
			sourceTree = "<group>";
		};
		42312CD814C12CCB00C616F3 /* MainMenu.xib */ = {
			isa = PBXVariantGroup;
			children = (
				42312CD914C12CCB00C616F3 /* en */,
			);
			name = MainMenu.xib;
			sourceTree = "<group>";
		};
/* End PBXVariantGroup section */

/* Begin XCBuildConfiguration section */
		42312CB914C12C8000C616F3 /* Debug */ = {
			isa = XCBuildConfiguration;
			buildSettings = {
			};
			name = Debug;
		};
		42312CBA14C12C8000C616F3 /* Release */ = {
			isa = XCBuildConfiguration;
			buildSettings = {
			};
			name = Release;
		};
		42312CDC14C12CCB00C616F3 /* Debug */ = {
			isa = XCBuildConfiguration;
			buildSettings = {
				ALWAYS_SEARCH_USER_PATHS = NO;
				ARCHS = "$(ARCHS_STANDARD_32_64_BIT)";
				COPY_PHASE_STRIP = NO;
				GCC_DYNAMIC_NO_PIC = NO;
				GCC_ENABLE_OBJC_EXCEPTIONS = YES;
				GCC_OPTIMIZATION_LEVEL = 0;
				GCC_PRECOMPILE_PREFIX_HEADER = YES;
				GCC_PREFIX_HEADER = "KinectWings/KinectWings-Prefix.pch";
				GCC_PREPROCESSOR_DEFINITIONS = (
					NO_ARDRONE_MAINLOOP,
					"DEBUG=1",
					"$(inherited)",
					__linux__,
					DEBUG,
				);
				GCC_SYMBOLS_PRIVATE_EXTERN = NO;
				GCC_WARN_64_TO_32_BIT_CONVERSION = YES;
				GCC_WARN_ABOUT_MISSING_PROTOTYPES = YES;
				GCC_WARN_ABOUT_RETURN_TYPE = YES;
				GCC_WARN_UNUSED_VARIABLE = YES;
				HEADER_SEARCH_PATHS = (
					/usr/include/ni,
					"$(SRCROOT)/Libraries/ARDroneSDK/ARDroneLib",
					"$(SRCROOT)/Libraries/ARDroneSDK/ARDroneLib/Soft/Common",
					"$(SRCROOT)/Libraries/ARDroneSDK/ARDroneLib/Soft/Lib",
					"$(SRCROOT)/Libraries/ARDroneSDK/ARDroneLib/VLIB",
					"$(SRCROOT)/Libraries/ARDroneSDK/ARDroneLib/VLIB/Platform/arm11",
					"$(SRCROOT)/Libraries/ARDroneSDK/ARDroneLib/VP_SDK",
					"$(SRCROOT)/Libraries/ARDroneSDK/ARDroneLib/VP_SDK/VP_Com",
					"$(SRCROOT)/Libraries/ARDroneSDK/ARDroneLib/VP_SDK/VP_Os",
					"$(SRCROOT)/Libraries/ARDroneSDK/ARDroneLib/VP_SDK/VP_Os/linux",
					"$(SRCROOT)/Libraries/ARDroneSDK/ARDroneLib/VP_SDK/VP_Com/linux",
				);
				INFOPLIST_FILE = "KinectWings/KinectWings-Info.plist";
				LIBRARY_SEARCH_PATHS = (
					"$(inherited)",
					"\"$(SRCROOT)/Libraries\"",
				);
				MACOSX_DEPLOYMENT_TARGET = 10.7;
				ONLY_ACTIVE_ARCH = YES;
				PRODUCT_NAME = "$(TARGET_NAME)";
				SDKROOT = macosx;
				WRAPPER_EXTENSION = app;
			};
			name = Debug;
		};
		42312CDD14C12CCB00C616F3 /* Release */ = {
			isa = XCBuildConfiguration;
			buildSettings = {
				ALWAYS_SEARCH_USER_PATHS = NO;
				ARCHS = "$(ARCHS_STANDARD_32_64_BIT)";
				COPY_PHASE_STRIP = YES;
				DEBUG_INFORMATION_FORMAT = "dwarf-with-dsym";
				GCC_ENABLE_OBJC_EXCEPTIONS = YES;
				GCC_PRECOMPILE_PREFIX_HEADER = YES;
				GCC_PREFIX_HEADER = "KinectWings/KinectWings-Prefix.pch";
				GCC_WARN_64_TO_32_BIT_CONVERSION = YES;
				GCC_WARN_ABOUT_MISSING_PROTOTYPES = YES;
				GCC_WARN_ABOUT_RETURN_TYPE = YES;
				GCC_WARN_UNUSED_VARIABLE = YES;
				HEADER_SEARCH_PATHS = (
					/usr/include/ni,
					"$(SRCROOT)/Libraries/ARDroneSDK/ARDroneLib",
					"$(SRCROOT)/Libraries/ARDroneSDK/ARDroneLib/Soft/Common",
					"$(SRCROOT)/Libraries/ARDroneSDK/ARDroneLib/Soft/Lib",
					"$(SRCROOT)/Libraries/ARDroneSDK/ARDroneLib/VLIB",
					"$(SRCROOT)/Libraries/ARDroneSDK/ARDroneLib/VLIB/Platform/arm11",
					"$(SRCROOT)/Libraries/ARDroneSDK/ARDroneLib/VP_SDK",
					"$(SRCROOT)/Libraries/ARDroneSDK/ARDroneLib/VP_SDK/VP_Com",
					"$(SRCROOT)/Libraries/ARDroneSDK/ARDroneLib/VP_SDK/VP_Os",
					"$(SRCROOT)/Libraries/ARDroneSDK/ARDroneLib/VP_SDK/VP_Os/linux",
					"$(SRCROOT)/Libraries/ARDroneSDK/ARDroneLib/VP_SDK/VP_Com/linux",
				);
				INFOPLIST_FILE = "KinectWings/KinectWings-Info.plist";
				LIBRARY_SEARCH_PATHS = (
					"$(inherited)",
					"\"$(SRCROOT)/Libraries\"",
				);
				MACOSX_DEPLOYMENT_TARGET = 10.7;
				PRODUCT_NAME = "$(TARGET_NAME)";
				SDKROOT = macosx;
				WRAPPER_EXTENSION = app;
			};
			name = Release;
		};
/* End XCBuildConfiguration section */

/* Begin XCConfigurationList section */
		42312CB714C12C8000C616F3 /* Build configuration list for PBXProject "KinectWings" */ = {
			isa = XCConfigurationList;
			buildConfigurations = (
				42312CB914C12C8000C616F3 /* Debug */,
				42312CBA14C12C8000C616F3 /* Release */,
			);
			defaultConfigurationIsVisible = 0;
			defaultConfigurationName = Release;
		};
		42312CDB14C12CCB00C616F3 /* Build configuration list for PBXNativeTarget "KinectWings" */ = {
			isa = XCConfigurationList;
			buildConfigurations = (
				42312CDC14C12CCB00C616F3 /* Debug */,
				42312CDD14C12CCB00C616F3 /* Release */,
			);
			defaultConfigurationIsVisible = 0;
			defaultConfigurationName = Release;
		};
/* End XCConfigurationList section */
	};
	rootObject = 42312CB414C12C8000C616F3 /* Project object */;
}
