// !$*UTF8*$!
{
	archiveVersion = 1;
	classes = {
	};
	objectVersion = 46;
	objects = {

/* Begin PBXBuildFile section */
		42312CC414C12CCB00C616F3 /* Cocoa.framework in Frameworks */ = {isa = PBXBuildFile; fileRef = 42312CC314C12CCB00C616F3 /* Cocoa.framework */; };
		42312CCE14C12CCB00C616F3 /* InfoPlist.strings in Resources */ = {isa = PBXBuildFile; fileRef = 42312CCC14C12CCB00C616F3 /* InfoPlist.strings */; };
		42312CD414C12CCB00C616F3 /* Credits.rtf in Resources */ = {isa = PBXBuildFile; fileRef = 42312CD214C12CCB00C616F3 /* Credits.rtf */; };
		42312CDA14C12CCB00C616F3 /* MainMenu.xib in Resources */ = {isa = PBXBuildFile; fileRef = 42312CD814C12CCB00C616F3 /* MainMenu.xib */; };
		42312CDF14C12D4900C616F3 /* libOpenNI.dylib in Frameworks */ = {isa = PBXBuildFile; fileRef = 42312CDE14C12D4900C616F3 /* libOpenNI.dylib */; };
		42312CEE14C12FFB00C616F3 /* SamplesConfig.xml in Resources */ = {isa = PBXBuildFile; fileRef = 42312CED14C12FFB00C616F3 /* SamplesConfig.xml */; };
		42312CF114C130C600C616F3 /* SceneDrawer.mm in Sources */ = {isa = PBXBuildFile; fileRef = 42312CEF14C130C600C616F3 /* SceneDrawer.mm */; };
		42312CF314C131D400C616F3 /* GLUT.framework in Frameworks */ = {isa = PBXBuildFile; fileRef = 42312CF214C131D400C616F3 /* GLUT.framework */; };
		42312CF514C131FC00C616F3 /* OpenGL.framework in Frameworks */ = {isa = PBXBuildFile; fileRef = 42312CF414C131FC00C616F3 /* OpenGL.framework */; };
		42312CF614C1390E00C616F3 /* JBAppDelegate.mm in Sources */ = {isa = PBXBuildFile; fileRef = 42312CD614C12CCB00C616F3 /* JBAppDelegate.mm */; };
		42312CF714C1399300C616F3 /* main.m in Sources */ = {isa = PBXBuildFile; fileRef = 42312CCF14C12CCB00C616F3 /* main.m */; };
		427B8DEB14C1578100EDAD05 /* DepthView.mm in Sources */ = {isa = PBXBuildFile; fileRef = 427B8DEA14C1578100EDAD05 /* DepthView.mm */; };
		42BB47A314C13D5F0052AC36 /* CocoaOpenNI.mm in Sources */ = {isa = PBXBuildFile; fileRef = 42BB47A114C13B610052AC36 /* CocoaOpenNI.mm */; };
		42BB47AE14C14F600052AC36 /* QuartzCore.framework in Frameworks */ = {isa = PBXBuildFile; fileRef = 42BB47AD14C14F600052AC36 /* QuartzCore.framework */; };
		42FBA3A714E22123009D13CC /* VerticalGuageView.m in Sources */ = {isa = PBXBuildFile; fileRef = 42FBA3A614E22123009D13CC /* VerticalGuageView.m */; };
		42FEEEEF14C68692000809D7 /* JB3DGestureRecognizer.mm in Sources */ = {isa = PBXBuildFile; fileRef = 42FEEEEE14C68692000809D7 /* JB3DGestureRecognizer.mm */; };
		42FEEEF314C686C9000809D7 /* JBFlapGestureRecognizer.mm in Sources */ = {isa = PBXBuildFile; fileRef = 42FEEEF214C686C9000809D7 /* JBFlapGestureRecognizer.mm */; };
/* End PBXBuildFile section */

/* Begin PBXFileReference section */
		42312CBF14C12CCB00C616F3 /* KinectWings.app */ = {isa = PBXFileReference; explicitFileType = wrapper.application; includeInIndex = 0; path = KinectWings.app; sourceTree = BUILT_PRODUCTS_DIR; };
		42312CC314C12CCB00C616F3 /* Cocoa.framework */ = {isa = PBXFileReference; lastKnownFileType = wrapper.framework; name = Cocoa.framework; path = System/Library/Frameworks/Cocoa.framework; sourceTree = SDKROOT; };
		42312CC614C12CCB00C616F3 /* AppKit.framework */ = {isa = PBXFileReference; lastKnownFileType = wrapper.framework; name = AppKit.framework; path = System/Library/Frameworks/AppKit.framework; sourceTree = SDKROOT; };
		42312CC714C12CCB00C616F3 /* CoreData.framework */ = {isa = PBXFileReference; lastKnownFileType = wrapper.framework; name = CoreData.framework; path = System/Library/Frameworks/CoreData.framework; sourceTree = SDKROOT; };
		42312CC814C12CCB00C616F3 /* Foundation.framework */ = {isa = PBXFileReference; lastKnownFileType = wrapper.framework; name = Foundation.framework; path = System/Library/Frameworks/Foundation.framework; sourceTree = SDKROOT; };
		42312CCB14C12CCB00C616F3 /* KinectWings-Info.plist */ = {isa = PBXFileReference; lastKnownFileType = text.plist.xml; path = "KinectWings-Info.plist"; sourceTree = "<group>"; };
		42312CCD14C12CCB00C616F3 /* en */ = {isa = PBXFileReference; lastKnownFileType = text.plist.strings; name = en; path = en.lproj/InfoPlist.strings; sourceTree = "<group>"; };
		42312CCF14C12CCB00C616F3 /* main.m */ = {isa = PBXFileReference; lastKnownFileType = sourcecode.c.objc; path = main.m; sourceTree = "<group>"; };
		42312CD114C12CCB00C616F3 /* KinectWings-Prefix.pch */ = {isa = PBXFileReference; lastKnownFileType = sourcecode.c.h; path = "KinectWings-Prefix.pch"; sourceTree = "<group>"; };
		42312CD314C12CCB00C616F3 /* en */ = {isa = PBXFileReference; lastKnownFileType = text.rtf; name = en; path = en.lproj/Credits.rtf; sourceTree = "<group>"; };
		42312CD514C12CCB00C616F3 /* JBAppDelegate.h */ = {isa = PBXFileReference; lastKnownFileType = sourcecode.c.h; path = JBAppDelegate.h; sourceTree = "<group>"; };
		42312CD614C12CCB00C616F3 /* JBAppDelegate.mm */ = {isa = PBXFileReference; lastKnownFileType = sourcecode.cpp.objcpp; path = JBAppDelegate.mm; sourceTree = "<group>"; };
		42312CD914C12CCB00C616F3 /* en */ = {isa = PBXFileReference; lastKnownFileType = file.xib; name = en; path = en.lproj/MainMenu.xib; sourceTree = "<group>"; };
		42312CDE14C12D4900C616F3 /* libOpenNI.dylib */ = {isa = PBXFileReference; lastKnownFileType = "compiled.mach-o.dylib"; name = libOpenNI.dylib; path = SDKs/MacOSX10.7.sdk/usr/lib/libOpenNI.dylib; sourceTree = DEVELOPER_DIR; };
		42312CED14C12FFB00C616F3 /* SamplesConfig.xml */ = {isa = PBXFileReference; fileEncoding = 4; lastKnownFileType = text.xml; path = SamplesConfig.xml; sourceTree = "<group>"; };
		42312CEF14C130C600C616F3 /* SceneDrawer.mm */ = {isa = PBXFileReference; fileEncoding = 4; lastKnownFileType = sourcecode.cpp.objcpp; path = SceneDrawer.mm; sourceTree = "<group>"; };
		42312CF014C130C600C616F3 /* SceneDrawer.h */ = {isa = PBXFileReference; fileEncoding = 4; lastKnownFileType = sourcecode.c.h; path = SceneDrawer.h; sourceTree = "<group>"; };
		42312CF214C131D400C616F3 /* GLUT.framework */ = {isa = PBXFileReference; lastKnownFileType = wrapper.framework; name = GLUT.framework; path = SDKs/MacOSX10.7.sdk/System/Library/Frameworks/GLUT.framework; sourceTree = DEVELOPER_DIR; };
		42312CF414C131FC00C616F3 /* OpenGL.framework */ = {isa = PBXFileReference; lastKnownFileType = wrapper.framework; name = OpenGL.framework; path = SDKs/MacOSX10.7.sdk/System/Library/Frameworks/OpenGL.framework; sourceTree = DEVELOPER_DIR; };
		427B8DE914C1578100EDAD05 /* DepthView.h */ = {isa = PBXFileReference; fileEncoding = 4; lastKnownFileType = sourcecode.c.h; path = DepthView.h; sourceTree = "<group>"; };
		427B8DEA14C1578100EDAD05 /* DepthView.mm */ = {isa = PBXFileReference; fileEncoding = 4; lastKnownFileType = sourcecode.cpp.objcpp; path = DepthView.mm; sourceTree = "<group>"; };
		42BB47A014C13B610052AC36 /* CocoaOpenNI.h */ = {isa = PBXFileReference; fileEncoding = 4; lastKnownFileType = sourcecode.c.h; path = CocoaOpenNI.h; sourceTree = "<group>"; };
		42BB47A114C13B610052AC36 /* CocoaOpenNI.mm */ = {isa = PBXFileReference; fileEncoding = 4; lastKnownFileType = sourcecode.cpp.objcpp; path = CocoaOpenNI.mm; sourceTree = "<group>"; };
		42BB47AD14C14F600052AC36 /* QuartzCore.framework */ = {isa = PBXFileReference; lastKnownFileType = wrapper.framework; name = QuartzCore.framework; path = SDKs/MacOSX10.7.sdk/System/Library/Frameworks/QuartzCore.framework; sourceTree = DEVELOPER_DIR; };
		42FBA3A514E22123009D13CC /* VerticalGuageView.h */ = {isa = PBXFileReference; fileEncoding = 4; lastKnownFileType = sourcecode.c.h; path = VerticalGuageView.h; sourceTree = "<group>"; };
		42FBA3A614E22123009D13CC /* VerticalGuageView.m */ = {isa = PBXFileReference; fileEncoding = 4; lastKnownFileType = sourcecode.c.objc; path = VerticalGuageView.m; sourceTree = "<group>"; };
		42FEEEED14C68692000809D7 /* JB3DGestureRecognizer.h */ = {isa = PBXFileReference; fileEncoding = 4; lastKnownFileType = sourcecode.c.h; path = JB3DGestureRecognizer.h; sourceTree = "<group>"; };
		42FEEEEE14C68692000809D7 /* JB3DGestureRecognizer.mm */ = {isa = PBXFileReference; fileEncoding = 4; lastKnownFileType = sourcecode.cpp.objcpp; path = JB3DGestureRecognizer.mm; sourceTree = "<group>"; };
		42FEEEF114C686C9000809D7 /* JBFlapGestureRecognizer.h */ = {isa = PBXFileReference; fileEncoding = 4; lastKnownFileType = sourcecode.c.h; path = JBFlapGestureRecognizer.h; sourceTree = "<group>"; };
		42FEEEF214C686C9000809D7 /* JBFlapGestureRecognizer.mm */ = {isa = PBXFileReference; fileEncoding = 4; lastKnownFileType = sourcecode.cpp.objcpp; path = JBFlapGestureRecognizer.mm; sourceTree = "<group>"; };
/* End PBXFileReference section */

/* Begin PBXFrameworksBuildPhase section */
		42312CBC14C12CCB00C616F3 /* Frameworks */ = {
			isa = PBXFrameworksBuildPhase;
			buildActionMask = 2147483647;
			files = (
				42BB47AE14C14F600052AC36 /* QuartzCore.framework in Frameworks */,
				42312CF514C131FC00C616F3 /* OpenGL.framework in Frameworks */,
				42312CF314C131D400C616F3 /* GLUT.framework in Frameworks */,
				42312CDF14C12D4900C616F3 /* libOpenNI.dylib in Frameworks */,
				42312CC414C12CCB00C616F3 /* Cocoa.framework in Frameworks */,
			);
			runOnlyForDeploymentPostprocessing = 0;
		};
/* End PBXFrameworksBuildPhase section */

/* Begin PBXGroup section */
		42312CB214C12C8000C616F3 = {
			isa = PBXGroup;
			children = (
				42312CC914C12CCB00C616F3 /* KinectWings */,
				42312CC214C12CCB00C616F3 /* Frameworks */,
				42312CC014C12CCB00C616F3 /* Products */,
				42312CEC14C12FFB00C616F3 /* Resources */,
			);
			sourceTree = "<group>";
		};
		42312CC014C12CCB00C616F3 /* Products */ = {
			isa = PBXGroup;
			children = (
				42312CBF14C12CCB00C616F3 /* KinectWings.app */,
			);
			name = Products;
			sourceTree = "<group>";
		};
		42312CC214C12CCB00C616F3 /* Frameworks */ = {
			isa = PBXGroup;
			children = (
				42BB47AD14C14F600052AC36 /* QuartzCore.framework */,
				42312CF414C131FC00C616F3 /* OpenGL.framework */,
				42312CF214C131D400C616F3 /* GLUT.framework */,
				42312CDE14C12D4900C616F3 /* libOpenNI.dylib */,
				42312CC314C12CCB00C616F3 /* Cocoa.framework */,
				42312CC514C12CCB00C616F3 /* Other Frameworks */,
			);
			name = Frameworks;
			sourceTree = "<group>";
		};
		42312CC514C12CCB00C616F3 /* Other Frameworks */ = {
			isa = PBXGroup;
			children = (
				42312CC614C12CCB00C616F3 /* AppKit.framework */,
				42312CC714C12CCB00C616F3 /* CoreData.framework */,
				42312CC814C12CCB00C616F3 /* Foundation.framework */,
			);
			name = "Other Frameworks";
			sourceTree = "<group>";
		};
		42312CC914C12CCB00C616F3 /* KinectWings */ = {
			isa = PBXGroup;
			children = (
				427B8DE914C1578100EDAD05 /* DepthView.h */,
				427B8DEA14C1578100EDAD05 /* DepthView.mm */,
				42312CF014C130C600C616F3 /* SceneDrawer.h */,
				42312CEF14C130C600C616F3 /* SceneDrawer.mm */,
				42312CD514C12CCB00C616F3 /* JBAppDelegate.h */,
				42312CD614C12CCB00C616F3 /* JBAppDelegate.mm */,
				42312CD814C12CCB00C616F3 /* MainMenu.xib */,
				42312CCA14C12CCB00C616F3 /* Supporting Files */,
				42BB47A014C13B610052AC36 /* CocoaOpenNI.h */,
				42BB47A114C13B610052AC36 /* CocoaOpenNI.mm */,
				42FEEEED14C68692000809D7 /* JB3DGestureRecognizer.h */,
				42FEEEEE14C68692000809D7 /* JB3DGestureRecognizer.mm */,
				42FEEEF114C686C9000809D7 /* JBFlapGestureRecognizer.h */,
				42FEEEF214C686C9000809D7 /* JBFlapGestureRecognizer.mm */,
				42FBA3A514E22123009D13CC /* VerticalGuageView.h */,
				42FBA3A614E22123009D13CC /* VerticalGuageView.m */,
			);
			path = KinectWings;
			sourceTree = "<group>";
		};
		42312CCA14C12CCB00C616F3 /* Supporting Files */ = {
			isa = PBXGroup;
			children = (
				42312CCB14C12CCB00C616F3 /* KinectWings-Info.plist */,
				42312CCC14C12CCB00C616F3 /* InfoPlist.strings */,
				42312CCF14C12CCB00C616F3 /* main.m */,
				42312CD114C12CCB00C616F3 /* KinectWings-Prefix.pch */,
				42312CD214C12CCB00C616F3 /* Credits.rtf */,
			);
			name = "Supporting Files";
			sourceTree = "<group>";
		};
		42312CEC14C12FFB00C616F3 /* Resources */ = {
			isa = PBXGroup;
			children = (
				42312CED14C12FFB00C616F3 /* SamplesConfig.xml */,
			);
			path = Resources;
			sourceTree = "<group>";
		};
/* End PBXGroup section */

/* Begin PBXNativeTarget section */
		42312CBE14C12CCB00C616F3 /* KinectWings */ = {
			isa = PBXNativeTarget;
			buildConfigurationList = 42312CDB14C12CCB00C616F3 /* Build configuration list for PBXNativeTarget "KinectWings" */;
			buildPhases = (
				42312CBB14C12CCB00C616F3 /* Sources */,
				42312CBC14C12CCB00C616F3 /* Frameworks */,
				42312CBD14C12CCB00C616F3 /* Resources */,
			);
			buildRules = (
			);
			dependencies = (
			);
			name = KinectWings;
			productName = KinectWings;
			productReference = 42312CBF14C12CCB00C616F3 /* KinectWings.app */;
			productType = "com.apple.product-type.application";
		};
/* End PBXNativeTarget section */

/* Begin PBXProject section */
		42312CB414C12C8000C616F3 /* Project object */ = {
			isa = PBXProject;
			attributes = {
				LastUpgradeCheck = 0420;
			};
			buildConfigurationList = 42312CB714C12C8000C616F3 /* Build configuration list for PBXProject "KinectWings" */;
			compatibilityVersion = "Xcode 3.2";
			developmentRegion = English;
			hasScannedForEncodings = 0;
			knownRegions = (
				en,
			);
			mainGroup = 42312CB214C12C8000C616F3;
			productRefGroup = 42312CC014C12CCB00C616F3 /* Products */;
			projectDirPath = "";
			projectRoot = "";
			targets = (
				42312CBE14C12CCB00C616F3 /* KinectWings */,
			);
		};
/* End PBXProject section */

/* Begin PBXResourcesBuildPhase section */
		42312CBD14C12CCB00C616F3 /* Resources */ = {
			isa = PBXResourcesBuildPhase;
			buildActionMask = 2147483647;
			files = (
				42312CCE14C12CCB00C616F3 /* InfoPlist.strings in Resources */,
				42312CD414C12CCB00C616F3 /* Credits.rtf in Resources */,
				42312CDA14C12CCB00C616F3 /* MainMenu.xib in Resources */,
				42312CEE14C12FFB00C616F3 /* SamplesConfig.xml in Resources */,
			);
			runOnlyForDeploymentPostprocessing = 0;
		};
/* End PBXResourcesBuildPhase section */

/* Begin PBXSourcesBuildPhase section */
		42312CBB14C12CCB00C616F3 /* Sources */ = {
			isa = PBXSourcesBuildPhase;
			buildActionMask = 2147483647;
			files = (
				42312CF114C130C600C616F3 /* SceneDrawer.mm in Sources */,
				42312CF614C1390E00C616F3 /* JBAppDelegate.mm in Sources */,
				42312CF714C1399300C616F3 /* main.m in Sources */,
				42BB47A314C13D5F0052AC36 /* CocoaOpenNI.mm in Sources */,
				427B8DEB14C1578100EDAD05 /* DepthView.mm in Sources */,
				42FEEEEF14C68692000809D7 /* JB3DGestureRecognizer.mm in Sources */,
				42FEEEF314C686C9000809D7 /* JBFlapGestureRecognizer.mm in Sources */,
				42FBA3A714E22123009D13CC /* VerticalGuageView.m in Sources */,
			);
			runOnlyForDeploymentPostprocessing = 0;
		};
/* End PBXSourcesBuildPhase section */

/* Begin PBXVariantGroup section */
		42312CCC14C12CCB00C616F3 /* InfoPlist.strings */ = {
			isa = PBXVariantGroup;
			children = (
				42312CCD14C12CCB00C616F3 /* en */,
			);
			name = InfoPlist.strings;
			sourceTree = "<group>";
		};
		42312CD214C12CCB00C616F3 /* Credits.rtf */ = {
			isa = PBXVariantGroup;
			children = (
				42312CD314C12CCB00C616F3 /* en */,
			);
			name = Credits.rtf;
			sourceTree = "<group>";
		};
		42312CD814C12CCB00C616F3 /* MainMenu.xib */ = {
			isa = PBXVariantGroup;
			children = (
				42312CD914C12CCB00C616F3 /* en */,
			);
			name = MainMenu.xib;
			sourceTree = "<group>";
		};
/* End PBXVariantGroup section */

/* Begin XCBuildConfiguration section */
		42312CB914C12C8000C616F3 /* Debug */ = {
			isa = XCBuildConfiguration;
			buildSettings = {
			};
			name = Debug;
		};
		42312CBA14C12C8000C616F3 /* Release */ = {
			isa = XCBuildConfiguration;
			buildSettings = {
			};
			name = Release;
		};
		42312CDC14C12CCB00C616F3 /* Debug */ = {
			isa = XCBuildConfiguration;
			buildSettings = {
				ALWAYS_SEARCH_USER_PATHS = NO;
				ARCHS = "$(ARCHS_STANDARD_64_BIT)";
				COPY_PHASE_STRIP = NO;
				GCC_DYNAMIC_NO_PIC = NO;
				GCC_ENABLE_OBJC_EXCEPTIONS = YES;
				GCC_OPTIMIZATION_LEVEL = 0;
				GCC_PRECOMPILE_PREFIX_HEADER = YES;
				GCC_PREFIX_HEADER = "KinectWings/KinectWings-Prefix.pch";
				GCC_PREPROCESSOR_DEFINITIONS = (
					"DEBUG=1",
					"$(inherited)",
				);
				GCC_SYMBOLS_PRIVATE_EXTERN = NO;
				GCC_WARN_64_TO_32_BIT_CONVERSION = YES;
				GCC_WARN_ABOUT_MISSING_PROTOTYPES = YES;
				GCC_WARN_ABOUT_RETURN_TYPE = YES;
				GCC_WARN_UNUSED_VARIABLE = YES;
				HEADER_SEARCH_PATHS = /usr/include/ni;
				INFOPLIST_FILE = "KinectWings/KinectWings-Info.plist";
				MACOSX_DEPLOYMENT_TARGET = 10.7;
				ONLY_ACTIVE_ARCH = YES;
				PRODUCT_NAME = "$(TARGET_NAME)";
				SDKROOT = macosx;
				WRAPPER_EXTENSION = app;
			};
			name = Debug;
		};
		42312CDD14C12CCB00C616F3 /* Release */ = {
			isa = XCBuildConfiguration;
			buildSettings = {
				ALWAYS_SEARCH_USER_PATHS = NO;
				ARCHS = "$(ARCHS_STANDARD_32_64_BIT)";
				COPY_PHASE_STRIP = YES;
				DEBUG_INFORMATION_FORMAT = "dwarf-with-dsym";
				GCC_ENABLE_OBJC_EXCEPTIONS = YES;
				GCC_PRECOMPILE_PREFIX_HEADER = YES;
				GCC_PREFIX_HEADER = "KinectWings/KinectWings-Prefix.pch";
				GCC_WARN_64_TO_32_BIT_CONVERSION = YES;
				GCC_WARN_ABOUT_MISSING_PROTOTYPES = YES;
				GCC_WARN_ABOUT_RETURN_TYPE = YES;
				GCC_WARN_UNUSED_VARIABLE = YES;
				HEADER_SEARCH_PATHS = /usr/include/ni;
				INFOPLIST_FILE = "KinectWings/KinectWings-Info.plist";
				MACOSX_DEPLOYMENT_TARGET = 10.7;
				PRODUCT_NAME = "$(TARGET_NAME)";
				SDKROOT = macosx;
				WRAPPER_EXTENSION = app;
			};
			name = Release;
		};
/* End XCBuildConfiguration section */

/* Begin XCConfigurationList section */
		42312CB714C12C8000C616F3 /* Build configuration list for PBXProject "KinectWings" */ = {
			isa = XCConfigurationList;
			buildConfigurations = (
				42312CB914C12C8000C616F3 /* Debug */,
				42312CBA14C12C8000C616F3 /* Release */,
			);
			defaultConfigurationIsVisible = 0;
			defaultConfigurationName = Release;
		};
		42312CDB14C12CCB00C616F3 /* Build configuration list for PBXNativeTarget "KinectWings" */ = {
			isa = XCConfigurationList;
			buildConfigurations = (
				42312CDC14C12CCB00C616F3 /* Debug */,
				42312CDD14C12CCB00C616F3 /* Release */,
			);
			defaultConfigurationIsVisible = 0;
			defaultConfigurationName = Release;
		};
/* End XCConfigurationList section */
	};
	rootObject = 42312CB414C12C8000C616F3 /* Project object */;
}
